{
  "version": 4,
  "terraform_version": "1.15.8",
  "serial": 1,
  "lineage": "6fecce66-9b8b-47f5-8ac1-98c9ec88a00c",
  "outputs": {},
  "resources": [
    {
      "mode": "managed",
      "type": "yandex_kms_symmetric_key",
      "name": "bucket_key",
      "provider": "provider[\"registry.terraform.io/yandex-cloud/yandex\"]",
      "instances": [
        {
          "schema_version": 1,
          "attributes": {
            "created_at": "2026-07-26T14:44:23Z",
            "default_algorithm": "AES_256",
            "deletion_protection": false,
            "description": "",
            "folder_id": "b1gkmictp27f0rq4fjg4",
            "id": "abjgi1qf30irmodsco25",
            "labels": null,
            "name": "bucket-encryption-key",
            "rotated_at": "1970-01-01T00:00:00Z",
            "rotation_period": "",
            "status": "ACTIVE",
            "symmetric_key_id": "abjgi1qf30irmodsco25",
            "timeouts": null
          },
          "sensitive_attributes": [],
          "identity_schema_version": 0
        }
      ]
    }
  ],
  "check_results": null
}
