{
  "version": 4,
  "terraform_version": "1.15.8",
  "serial": 3,
  "lineage": "6fecce66-9b8b-47f5-8ac1-98c9ec88a00c",
  "outputs": {},
  "resources": [
    {
      "mode": "managed",
      "type": "yandex_kms_symmetric_key",
      "name": "bucket_key",
      "provider": "provider[\"registry.terraform.io/yandex-cloud/yandex\"]",
      "instances": [
        {
          "schema_version": 1,
          "attributes": {
            "created_at": "2026-07-26T14:44:23Z",
            "default_algorithm": "AES_256",
            "deletion_protection": false,
            "description": "",
            "folder_id": "b1gkmictp27f0rq4fjg4",
            "id": "abjgi1qf30irmodsco25",
            "labels": null,
            "name": "bucket-encryption-key",
            "rotated_at": "1970-01-01T00:00:00Z",
            "rotation_period": "",
            "status": "ACTIVE",
            "symmetric_key_id": "abjgi1qf30irmodsco25",
            "timeouts": null
          },
          "sensitive_attributes": [],
          "identity_schema_version": 0
        }
      ]
    },
    {
      "mode": "managed",
      "type": "yandex_storage_bucket",
      "name": "encrypted_bucket",
      "provider": "provider[\"registry.terraform.io/yandex-cloud/yandex\"]",
      "instances": [
        {
          "schema_version": 1,
          "attributes": {
            "access_key": null,
            "acl": null,
            "anonymous_access_flags": [
              {
                "config_read": false,
                "list": false,
                "read": false
              }
            ],
            "bucket": "my-tf-encrypted-bucket-andrey-2607",
            "bucket_domain_name": "my-tf-encrypted-bucket-andrey-2607.storage.yandexcloud.net",
            "bucket_prefix": null,
            "cors_rule": [],
            "default_storage_class": "STANDARD",
            "disabled_statickey_auth": false,
            "folder_id": "b1gkmictp27f0rq4fjg4",
            "force_destroy": false,
            "grant": [],
            "https": [],
            "id": "my-tf-encrypted-bucket-andrey-2607",
            "lifecycle_rule": [],
            "logging": [],
            "max_size": 0,
            "object_lock_configuration": [],
            "policy": "",
            "secret_key": null,
            "server_side_encryption_configuration": [
              {
                "rule": [
                  {
                    "apply_server_side_encryption_by_default": [
                      {
                        "kms_master_key_id": "abjgi1qf30irmodsco25",
                        "sse_algorithm": "aws:kms"
                      }
                    ]
                  }
                ]
              }
            ],
            "tags": null,
            "versioning": [
              {
                "enabled": false
              }
            ],
            "website": [],
            "website_domain": null,
            "website_endpoint": null
          },
          "sensitive_attributes": [
            [
              {
                "type": "get_attr",
                "value": "secret_key"
              }
            ]
          ],
          "identity_schema_version": 0,
          "private": "eyJzY2hlbWFfdmVyc2lvbiI6IjEifQ==",
          "dependencies": [
            "yandex_kms_symmetric_key.bucket_key"
          ]
        }
      ]
    }
  ],
  "check_results": null
}
