{
  "version": 4,
  "terraform_version": "1.15.8",
  "serial": 21,
  "lineage": "92d6047a-7f3c-7d69-9aa5-fa7bf18648b3",
  "outputs": {
    "alb_dns_name": {
      "value": "81.26.191.131",
      "type": "string"
    },
    "bucket_url": {
      "value": "https://storage.yandexcloud.net/andrey-komarkov-hw-2026/picture.jpg",
      "type": "string"
    },
    "vm_external_ips": {
      "value": [
        "111.88.153.171",
        "89.169.163.56",
        "158.160.6.87"
      ],
      "type": [
        "tuple",
        [
          "string",
          "string",
          "string"
        ]
      ]
    }
  },
  "resources": [
    {
      "mode": "managed",
      "type": "yandex_alb_backend_group",
      "name": "bg",
      "provider": "provider[\"registry.terraform.io/yandex-cloud/yandex\"]",
      "instances": [
        {
          "schema_version": 0,
          "attributes": {
            "created_at": "2026-07-26T13:10:41Z",
            "description": "",
            "folder_id": "b1gkmictp27f0rq4fjg4",
            "grpc_backend": [],
            "http_backend": [
              {
                "healthcheck": [
                  {
                    "grpc_healthcheck": [],
                    "healthcheck_port": 0,
                    "healthy_threshold": 2,
                    "http_healthcheck": [
                      {
                        "expected_statuses": null,
                        "host": "",
                        "http2": false,
                        "path": "/"
                      }
                    ],
                    "interval": "30s",
                    "interval_jitter_percent": 0,
                    "stream_healthcheck": [],
                    "timeout": "10s",
                    "unhealthy_threshold": 2
                  }
                ],
                "http2": false,
                "load_balancing_config": [
                  {
                    "locality_aware_routing_percent": 0,
                    "mode": "ROUND_ROBIN",
                    "panic_threshold": 50,
                    "strict_locality": false
                  }
                ],
                "name": "lamp-http-backend",
                "port": 80,
                "storage_bucket": "",
                "target_group_ids": [
                  "ds7ivke64jf5lbp82ms3"
                ],
                "tls": [],
                "weight": 1
              }
            ],
            "id": "ds7hp054tf6te3j223j2",
            "labels": null,
            "name": "lamp-bg",
            "session_affinity": [],
            "stream_backend": [],
            "timeouts": null
          },
          "sensitive_attributes": [],
          "identity_schema_version": 0,
          "private": "eyJlMmJmYjczMC1lY2FhLTExZTYtOGY4OC0zNDM2M2JjN2M0YzAiOnsiY3JlYXRlIjozMDAwMDAwMDAwMDAsImRlbGV0ZSI6MzAwMDAwMDAwMDAwLCJ1cGRhdGUiOjMwMDAwMDAwMDAwMH19",
          "dependencies": [
            "yandex_alb_target_group.tg_for_both"
          ]
        }
      ]
    },
    {
      "mode": "managed",
      "type": "yandex_alb_http_router",
      "name": "router",
      "provider": "provider[\"registry.terraform.io/yandex-cloud/yandex\"]",
      "instances": [
        {
          "schema_version": 0,
          "attributes": {
            "created_at": "2026-07-26T12:55:56Z",
            "description": "",
            "folder_id": "b1gkmictp27f0rq4fjg4",
            "id": "ds72607k5qd2m2jrn7k4",
            "labels": {},
            "name": "lamp-router",
            "route_options": [],
            "timeouts": null
          },
          "sensitive_attributes": [],
          "identity_schema_version": 0,
          "private": "eyJlMmJmYjczMC1lY2FhLTExZTYtOGY4OC0zNDM2M2JjN2M0YzAiOnsiY3JlYXRlIjozMDAwMDAwMDAwMDAsImRlbGV0ZSI6MzAwMDAwMDAwMDAwLCJ1cGRhdGUiOjMwMDAwMDAwMDAwMH19"
        }
      ]
    },
    {
      "mode": "managed",
      "type": "yandex_alb_load_balancer",
      "name": "alb",
      "provider": "provider[\"registry.terraform.io/yandex-cloud/yandex\"]",
      "instances": [
        {
          "schema_version": 0,
          "attributes": {
            "allocation_policy": [
              {
                "location": [
                  {
                    "disable_traffic": false,
                    "subnet_id": "e2liihjtbfugbeplmf9n",
                    "zone_id": "ru-central1-b"
                  }
                ]
              }
            ],
            "allow_zonal_shift": false,
            "auto_scale_policy": [],
            "created_at": "2026-07-26T12:55:58Z",
            "description": "",
            "folder_id": "b1gkmictp27f0rq4fjg4",
            "id": "ds7lpbkjvk1qfrio4qqr",
            "labels": {},
            "listener": [
              {
                "endpoint": [
                  {
                    "address": [
                      {
                        "external_ipv4_address": [
                          {
                            "address": "81.26.191.131"
                          }
                        ],
                        "external_ipv6_address": [],
                        "internal_ipv4_address": []
                      }
                    ],
                    "ports": [
                      80
                    ]
                  }
                ],
                "http": [
                  {
                    "handler": [
                      {
                        "allow_http10": false,
                        "http2_options": [],
                        "http_router_id": "ds72607k5qd2m2jrn7k4",
                        "preserve_http1_header_casing": false,
                        "rewrite_request_id": false
                      }
                    ],
                    "redirects": []
                  }
                ],
                "name": "http-listener",
                "stream": [],
                "tls": []
              }
            ],
            "log_group_id": "",
            "log_options": [
              {
                "disable": false,
                "discard_rule": [
                  {
                    "discard_percent": 100,
                    "grpc_codes": [],
                    "http_code_intervals": [
                      "HTTP_2XX"
                    ],
                    "http_codes": []
                  }
                ],
                "log_group_id": ""
              }
            ],
            "name": "lamp-alb",
            "network_id": "enp1sj3c44ulj7ls54co",
            "region_id": "",
            "security_group_ids": [
              "enpkr39p9icenp1kjj4g"
            ],
            "status": "active",
            "timeouts": null
          },
          "sensitive_attributes": [],
          "identity_schema_version": 0,
          "private": "eyJlMmJmYjczMC1lY2FhLTExZTYtOGY4OC0zNDM2M2JjN2M0YzAiOnsiY3JlYXRlIjo2MDAwMDAwMDAwMDAsImRlbGV0ZSI6NjAwMDAwMDAwMDAwLCJ1cGRhdGUiOjYwMDAwMDAwMDAwMH19",
          "dependencies": [
            "yandex_alb_http_router.router",
            "yandex_vpc_default_security_group.sg",
            "yandex_vpc_network.hw-network",
            "yandex_vpc_subnet.hw-subnet"
          ]
        }
      ]
    },
    {
      "mode": "managed",
      "type": "yandex_alb_target_group",
      "name": "tg_for_both",
      "provider": "provider[\"registry.terraform.io/yandex-cloud/yandex\"]",
      "instances": [
        {
          "schema_version": 0,
          "attributes": {
            "created_at": "2026-07-26T13:10:41Z",
            "description": "",
            "folder_id": "b1gkmictp27f0rq4fjg4",
            "id": "ds7ivke64jf5lbp82ms3",
            "labels": null,
            "name": "hw-tg-for-nlb-and-alb",
            "target": [],
            "timeouts": null
          },
          "sensitive_attributes": [],
          "identity_schema_version": 0,
          "private": "eyJlMmJmYjczMC1lY2FhLTExZTYtOGY4OC0zNDM2M2JjN2M0YzAiOnsiY3JlYXRlIjozMDAwMDAwMDAwMDAsImRlbGV0ZSI6MzAwMDAwMDAwMDAwLCJ1cGRhdGUiOjMwMDAwMDAwMDAwMH19"
        }
      ]
    },
    {
      "mode": "managed",
      "type": "yandex_compute_instance_group",
      "name": "lamp-group",
      "provider": "provider[\"registry.terraform.io/yandex-cloud/yandex\"]",
      "instances": [
        {
          "schema_version": 0,
          "attributes": {
            "allocation_policy": [
              {
                "instance_tags_pool": [],
                "zones": [
                  "ru-central1-b"
                ]
              }
            ],
            "application_load_balancer": [],
            "created_at": "2026-07-26T12:55:59Z",
            "deletion_protection": false,
            "deploy_policy": [
              {
                "max_creating": 2,
                "max_deleting": 2,
                "max_expansion": 2,
                "max_unavailable": 1,
                "startup_duration": 0,
                "strategy": "proactive"
              }
            ],
            "description": "",
            "folder_id": "b1gkmictp27f0rq4fjg4",
            "health_check": [
              {
                "healthy_threshold": 2,
                "http_options": [],
                "interval": 30,
                "tcp_options": [
                  {
                    "port": 80
                  }
                ],
                "timeout": 10,
                "unhealthy_threshold": 2
              }
            ],
            "id": "cl1guvli9g9h2kvrffhv",
            "instance_template": [
              {
                "boot_disk": [
                  {
                    "device_name": "",
                    "disk_id": "",
                    "initialize_params": [
                      {
                        "description": "",
                        "image_id": "fd827b91d99psvq5fjit",
                        "size": 10,
                        "snapshot_id": "",
                        "type": "network-hdd"
                      }
                    ],
                    "mode": "READ_WRITE",
                    "name": ""
                  }
                ],
                "description": "",
                "filesystem": [],
                "hostname": "",
                "labels": {},
                "metadata": {
                  "user-data": "#!/bin/bash\nBUCKET_NAME=\"andrey-komarkov-hw-2026\"\ncat \u003c\u003cHTML \u003e /var/www/html/index.html\n\u003chtml\u003e\n\u003chead\u003e\u003ctitle\u003eHW Task\u003c/title\u003e\u003c/head\u003e\n\u003cbody style=\"font-family: Arial; text-align: center;\"\u003e\n  \u003ch1\u003eTerraform HW - Yandex Cloud\u003c/h1\u003e\n  \u003cp\u003ePicture from Object Storage:\u003c/p\u003e\n  \u003cimg src=\"https://storage.yandexcloud.net/$BUCKET_NAME/picture.jpg\" alt=\"Task Picture\"/\u003e\n  \u003chr/\u003e\n  \u003cp\u003eInstance hostname: $(hostname)\u003c/p\u003e\n\u003c/body\u003e\n\u003c/html\u003e\nsystemctl restart apache2 || systemctl restart httpd\n"
                },
                "metadata_options": [
                  {
                    "aws_v1_http_endpoint": 0,
                    "aws_v1_http_token": 0,
                    "aws_v2_http_endpoint": 0,
                    "aws_v2_http_token": 0,
                    "gce_http_endpoint": 0,
                    "gce_http_token": 0
                  }
                ],
                "name": "",
                "network_interface": [
                  {
                    "dns_record": [],
                    "ip_address": "",
                    "ipv4": true,
                    "ipv6": false,
                    "ipv6_address": "",
                    "ipv6_dns_record": [],
                    "nat": true,
                    "nat_dns_record": [],
                    "nat_ip_address": "",
                    "network_id": "",
                    "security_group_ids": [],
                    "subnet_ids": [
                      "e2liihjtbfugbeplmf9n"
                    ]
                  }
                ],
                "network_settings": [],
                "placement_policy": [],
                "platform_id": "standard-v3",
                "reserved_instance_pool_id": "",
                "resources": [
                  {
                    "core_fraction": 100,
                    "cores": 2,
                    "gpus": 0,
                    "memory": 2
                  }
                ],
                "scheduling_policy": [
                  {
                    "preemptible": false
                  }
                ],
                "secondary_disk": [],
                "service_account_id": "ajec54tro5340vllg0oq"
              }
            ],
            "instances": [
              {
                "fqdn": "cl1guvli9g9h2kvrffhv-ivyr.ru-central1.internal",
                "instance_id": "epd664inrrv582sqf7ss",
                "instance_tag": "",
                "name": "cl1guvli9g9h2kvrffhv-ivyr",
                "network_interface": [
                  {
                    "index": 0,
                    "ip_address": "10.1.1.27",
                    "ipv4": true,
                    "ipv6": false,
                    "ipv6_address": "",
                    "mac_address": "d0:0d:63:12:57:de",
                    "nat": true,
                    "nat_ip_address": "111.88.153.171",
                    "nat_ip_version": "IPV4",
                    "subnet_id": "e2liihjtbfugbeplmf9n"
                  }
                ],
                "status": "RUNNING_ACTUAL",
                "status_changed_at": "2026-07-26T12:58:39Z",
                "status_message": "",
                "zone_id": "ru-central1-b"
              },
              {
                "fqdn": "cl1guvli9g9h2kvrffhv-alyx.ru-central1.internal",
                "instance_id": "epd0hto8buc6n6bq80f7",
                "instance_tag": "",
                "name": "cl1guvli9g9h2kvrffhv-alyx",
                "network_interface": [
                  {
                    "index": 0,
                    "ip_address": "10.1.1.13",
                    "ipv4": true,
                    "ipv6": false,
                    "ipv6_address": "",
                    "mac_address": "d0:0d:8f:70:85:f9",
                    "nat": true,
                    "nat_ip_address": "89.169.163.56",
                    "nat_ip_version": "IPV4",
                    "subnet_id": "e2liihjtbfugbeplmf9n"
                  }
                ],
                "status": "RUNNING_ACTUAL",
                "status_changed_at": "2026-07-26T12:59:59Z",
                "status_message": "",
                "zone_id": "ru-central1-b"
              },
              {
                "fqdn": "cl1guvli9g9h2kvrffhv-otip.ru-central1.internal",
                "instance_id": "epdtav9mh5eqv1pg9emd",
                "instance_tag": "",
                "name": "cl1guvli9g9h2kvrffhv-otip",
                "network_interface": [
                  {
                    "index": 0,
                    "ip_address": "10.1.1.38",
                    "ipv4": true,
                    "ipv6": false,
                    "ipv6_address": "",
                    "mac_address": "d0:0d:1d:57:d3:68",
                    "nat": true,
                    "nat_ip_address": "158.160.6.87",
                    "nat_ip_version": "IPV4",
                    "subnet_id": "e2liihjtbfugbeplmf9n"
                  }
                ],
                "status": "RUNNING_ACTUAL",
                "status_changed_at": "2026-07-26T13:00:52Z",
                "status_message": "",
                "zone_id": "ru-central1-b"
              }
            ],
            "labels": {},
            "load_balancer": [],
            "max_checking_health_duration": 0,
            "name": "lamp-instance-group",
            "scale_policy": [
              {
                "auto_scale": [],
                "fixed_scale": [
                  {
                    "size": 3
                  }
                ],
                "test_auto_scale": []
              }
            ],
            "service_account_id": "ajec54tro5340vllg0oq",
            "status": "ACTIVE",
            "timeouts": null,
            "variables": {}
          },
          "sensitive_attributes": [],
          "identity_schema_version": 0,
          "private": "eyJlMmJmYjczMC1lY2FhLTExZTYtOGY4OC0zNDM2M2JjN2M0YzAiOnsiY3JlYXRlIjoxODAwMDAwMDAwMDAwLCJkZWxldGUiOjE4MDAwMDAwMDAwMDAsInVwZGF0ZSI6MTgwMDAwMDAwMDAwMH19",
          "dependencies": [
            "yandex_storage_bucket.hw-bucket",
            "yandex_vpc_network.hw-network",
            "yandex_vpc_subnet.hw-subnet"
          ]
        }
      ]
    },
    {
      "mode": "managed",
      "type": "yandex_logging_group",
      "name": "alb_logs",
      "provider": "provider[\"registry.terraform.io/yandex-cloud/yandex\"]",
      "instances": [
        {
          "schema_version": 1,
          "attributes": {
            "cloud_id": "b1gh209gade7vaojpqi6",
            "created_at": "2026-07-26T12:17:39Z",
            "data_stream": "",
            "description": "",
            "folder_id": "b1gkmictp27f0rq4fjg4",
            "id": "e23di5qpu7868i38b57e",
            "labels": null,
            "log_group_id": "e23di5qpu7868i38b57e",
            "name": "alb-logs-group",
            "retention_period": "1h0m0s",
            "status": "ACTIVE",
            "timeouts": null
          },
          "sensitive_attributes": [],
          "identity_schema_version": 0
        }
      ]
    },
    {
      "mode": "managed",
      "type": "yandex_storage_bucket",
      "name": "hw-bucket",
      "provider": "provider[\"registry.terraform.io/yandex-cloud/yandex\"]",
      "instances": [
        {
          "schema_version": 1,
          "attributes": {
            "access_key": null,
            "acl": null,
            "anonymous_access_flags": [
              {
                "config_read": false,
                "list": false,
                "read": false
              }
            ],
            "bucket": "andrey-komarkov-hw-2026",
            "bucket_domain_name": "andrey-komarkov-hw-2026.storage.yandexcloud.net",
            "bucket_prefix": null,
            "cors_rule": [],
            "default_storage_class": "STANDARD",
            "disabled_statickey_auth": false,
            "folder_id": "b1gkmictp27f0rq4fjg4",
            "force_destroy": false,
            "grant": [],
            "https": [],
            "id": "andrey-komarkov-hw-2026",
            "lifecycle_rule": [],
            "logging": [],
            "max_size": 0,
            "object_lock_configuration": [],
            "policy": "",
            "secret_key": null,
            "server_side_encryption_configuration": [],
            "tags": {},
            "versioning": [
              {
                "enabled": false
              }
            ],
            "website": [],
            "website_domain": null,
            "website_endpoint": null
          },
          "sensitive_attributes": [
            [
              {
                "type": "get_attr",
                "value": "secret_key"
              }
            ]
          ],
          "identity_schema_version": 0,
          "private": "eyJzY2hlbWFfdmVyc2lvbiI6IjEifQ=="
        }
      ]
    },
    {
      "mode": "managed",
      "type": "yandex_storage_object",
      "name": "picture",
      "provider": "provider[\"registry.terraform.io/yandex-cloud/yandex\"]",
      "instances": [
        {
          "schema_version": 0,
          "attributes": {
            "access_key": null,
            "acl": "private",
            "bucket": "andrey-komarkov-hw-2026",
            "content": null,
            "content_base64": null,
            "content_type": "image/jpeg",
            "id": "picture.jpg",
            "key": "picture.jpg",
            "object_lock_legal_hold_status": null,
            "object_lock_mode": null,
            "object_lock_retain_until_date": null,
            "secret_key": null,
            "source": "img/picture.jpg",
            "source_hash": null,
            "tags": {}
          },
          "sensitive_attributes": [
            [
              {
                "type": "get_attr",
                "value": "secret_key"
              }
            ]
          ],
          "identity_schema_version": 0,
          "private": "bnVsbA==",
          "dependencies": [
            "yandex_storage_bucket.hw-bucket"
          ]
        }
      ]
    },
    {
      "mode": "managed",
      "type": "yandex_vpc_default_security_group",
      "name": "sg",
      "provider": "provider[\"registry.terraform.io/yandex-cloud/yandex\"]",
      "instances": [
        {
          "schema_version": 0,
          "attributes": {
            "created_at": "2026-07-26T12:55:57Z",
            "description": "",
            "egress": [
              {
                "description": "",
                "from_port": -1,
                "id": "enp54iq51i4r972q7p2o",
                "labels": {},
                "port": -1,
                "predefined_target": "",
                "protocol": "ANY",
                "security_group_id": "",
                "to_port": -1,
                "v4_cidr_blocks": [
                  "0.0.0.0/0"
                ],
                "v6_cidr_blocks": []
              }
            ],
            "folder_id": "b1gkmictp27f0rq4fjg4",
            "id": "enpkr39p9icenp1kjj4g",
            "ingress": [
              {
                "description": "",
                "from_port": -1,
                "id": "enp1lutvebrd7d0v9g9p",
                "labels": {},
                "port": 443,
                "predefined_target": "",
                "protocol": "TCP",
                "security_group_id": "",
                "to_port": -1,
                "v4_cidr_blocks": [
                  "0.0.0.0/0"
                ],
                "v6_cidr_blocks": []
              },
              {
                "description": "",
                "from_port": -1,
                "id": "enp901e5uebl65j85sek",
                "labels": {},
                "port": 80,
                "predefined_target": "",
                "protocol": "TCP",
                "security_group_id": "",
                "to_port": -1,
                "v4_cidr_blocks": [
                  "0.0.0.0/0"
                ],
                "v6_cidr_blocks": []
              }
            ],
            "labels": {},
            "name": "default-sg-enp1sj3c44ulj7ls54co",
            "network_id": "enp1sj3c44ulj7ls54co",
            "status": "ACTIVE",
            "timeouts": null
          },
          "sensitive_attributes": [],
          "identity_schema_version": 0,
          "private": "eyJlMmJmYjczMC1lY2FhLTExZTYtOGY4OC0zNDM2M2JjN2M0YzAiOnsiY3JlYXRlIjoxODAwMDAwMDAwMDAsImRlbGV0ZSI6MTgwMDAwMDAwMDAwLCJyZWFkIjoxODAwMDAwMDAwMDAsInVwZGF0ZSI6MTgwMDAwMDAwMDAwfX0=",
          "dependencies": [
            "yandex_vpc_network.hw-network"
          ]
        }
      ]
    },
    {
      "mode": "managed",
      "type": "yandex_vpc_network",
      "name": "hw-network",
      "provider": "provider[\"registry.terraform.io/yandex-cloud/yandex\"]",
      "instances": [
        {
          "schema_version": 0,
          "attributes": {
            "created_at": "2026-07-26T12:55:55Z",
            "default_security_group_id": "enpkr39p9icenp1kjj4g",
            "description": "",
            "folder_id": "b1gkmictp27f0rq4fjg4",
            "id": "enp1sj3c44ulj7ls54co",
            "labels": {},
            "name": "hw-network",
            "subnet_ids": [
              "e2liihjtbfugbeplmf9n"
            ],
            "timeouts": null
          },
          "sensitive_attributes": [],
          "identity_schema_version": 0,
          "private": "eyJlMmJmYjczMC1lY2FhLTExZTYtOGY4OC0zNDM2M2JjN2M0YzAiOnsiY3JlYXRlIjo2MDAwMDAwMDAwMCwiZGVsZXRlIjo2MDAwMDAwMDAwMCwidXBkYXRlIjo2MDAwMDAwMDAwMH19"
        }
      ]
    },
    {
      "mode": "managed",
      "type": "yandex_vpc_subnet",
      "name": "hw-subnet",
      "provider": "provider[\"registry.terraform.io/yandex-cloud/yandex\"]",
      "instances": [
        {
          "schema_version": 0,
          "attributes": {
            "created_at": "2026-07-26T12:55:57Z",
            "description": "",
            "dhcp_options": [],
            "folder_id": "b1gkmictp27f0rq4fjg4",
            "id": "e2liihjtbfugbeplmf9n",
            "labels": {},
            "name": "hw-public-subnet",
            "network_id": "enp1sj3c44ulj7ls54co",
            "route_table_id": "",
            "timeouts": null,
            "v4_cidr_blocks": [
              "10.1.1.0/24"
            ],
            "v6_cidr_blocks": [],
            "zone": "ru-central1-b"
          },
          "sensitive_attributes": [],
          "identity_schema_version": 0,
          "private": "eyJlMmJmYjczMC1lY2FhLTExZTYtOGY4OC0zNDM2M2JjN2M0YzAiOnsiY3JlYXRlIjoxODAwMDAwMDAwMDAsImRlbGV0ZSI6MTgwMDAwMDAwMDAwLCJ1cGRhdGUiOjE4MDAwMDAwMDAwMH19",
          "dependencies": [
            "yandex_vpc_network.hw-network"
          ]
        }
      ]
    }
  ],
  "check_results": null
}
